
Microsoft Visual Studio Solution File, Format Version 12.00
# Visual Studio Version 17
VisualStudioVersion = 17.10.35004.147
MinimumVisualStudioVersion = 10.0.40219.1
Project("{9A19103F-16F7-4668-BE54-9A1E7A4F7556}") = "GloomhavenCompanion", "GloomhavenCompanion\GloomhavenCompanion.csproj", "{60010BE3-3A47-40D3-8804-1D8B31E9D512}"
EndProject
Project("{9A19103F-16F7-4668-BE54-9A1E7A4F7556}") = "GloomhavenCompanion.API", "..\GloomhavenCompanion\GloomhavenCompanion.API\GloomhavenCompanion.API.csproj", "{B5561A93-C3EC-4F08-8FA4-CF1A5080AE0E}"
EndProject
Project("{9A19103F-16F7-4668-BE54-9A1E7A4F7556}") = "GloomhavenCompanion.Data", "..\GloomhavenCompanion\GloomhavenCompanion.Data\GloomhavenCompanion.Data.csproj", "{2463A4A5-942D-4E1A-9386-3DDAEB0236D6}"
EndProject
Global
	GlobalSection(SolutionConfigurationPlatforms) = preSolution
		Debug|Any CPU = Debug|Any CPU
		Release|Any CPU = Release|Any CPU
	EndGlobalSection
	GlobalSection(ProjectConfigurationPlatforms) = postSolution
		{60010BE3-3A47-40D3-8804-1D8B31E9D512}.Debug|Any CPU.ActiveCfg = Debug|Any CPU
		{60010BE3-3A47-40D3-8804-1D8B31E9D512}.Debug|Any CPU.Build.0 = Debug|Any CPU
		{60010BE3-3A47-40D3-8804-1D8B31E9D512}.Release|Any CPU.ActiveCfg = Release|Any CPU
		{60010BE3-3A47-40D3-8804-1D8B31E9D512}.Release|Any CPU.Build.0 = Release|Any CPU
		{B5561A93-C3EC-4F08-8FA4-CF1A5080AE0E}.Debug|Any CPU.ActiveCfg = Debug|Any CPU
		{B5561A93-C3EC-4F08-8FA4-CF1A5080AE0E}.Debug|Any CPU.Build.0 = Debug|Any CPU
		{B5561A93-C3EC-4F08-8FA4-CF1A5080AE0E}.Release|Any CPU.ActiveCfg = Release|Any CPU
		{B5561A93-C3EC-4F08-8FA4-CF1A5080AE0E}.Release|Any CPU.Build.0 = Release|Any CPU
		{2463A4A5-942D-4E1A-9386-3DDAEB0236D6}.Debug|Any CPU.ActiveCfg = Debug|Any CPU
		{2463A4A5-942D-4E1A-9386-3DDAEB0236D6}.Debug|Any CPU.Build.0 = Debug|Any CPU
		{2463A4A5-942D-4E1A-9386-3DDAEB0236D6}.Release|Any CPU.ActiveCfg = Release|Any CPU
		{2463A4A5-942D-4E1A-9386-3DDAEB0236D6}.Release|Any CPU.Build.0 = Release|Any CPU
	EndGlobalSection
	GlobalSection(SolutionProperties) = preSolution
		HideSolutionNode = FALSE
	EndGlobalSection
	GlobalSection(ExtensibilityGlobals) = postSolution
		SolutionGuid = {A345ECC9-2BCE-4A85-854B-93B5C3F27D81}
	EndGlobalSection
EndGlobal
